
Microsoft Visual Studio Solution File, Format Version 12.00
# Visual Studio Version 16
VisualStudioVersion = 16.0.31205.134
MinimumVisualStudioVersion = 10.0.40219.1
Project("{9A19103F-16F7-4668-BE54-9A1E7A4F7556}") = "BankAdminApp", "BankAdminApp\BankAdminApp.csproj", "{5D962EDB-4BEC-4FAD-AF88-6C93ADBCF207}"
EndProject
Project("{9A19103F-16F7-4668-BE54-9A1E7A4F7556}") = "Search", "Search\Search.csproj", "{894CD470-B7DB-4632-8C7E-E21328707635}"
EndProject
Project("{9A19103F-16F7-4668-BE54-9A1E7A4F7556}") = "SharedThings", "SharedThings\SharedThings.csproj", "{8FCBCEDD-5B2C-4566-A972-5BEEAEB1F0EB}"
EndProject
Project("{9A19103F-16F7-4668-BE54-9A1E7A4F7556}") = "BankApi", "BankApi\BankApi.csproj", "{480B84A3-C040-4EC4-9BF8-AC0AAECB5A8E}"
EndProject
Project("{9A19103F-16F7-4668-BE54-9A1E7A4F7556}") = "TransactionInspector", "TransactionInspector\TransactionInspector.csproj", "{1EAF3615-5735-420B-8E6F-BF8C479F3E78}"
EndProject
Project("{9A19103F-16F7-4668-BE54-9A1E7A4F7556}") = "BankAdminApp.Tests", "BankAdminApp.Tests\BankAdminApp.Tests.csproj", "{260F1733-233C-43A9-9DA1-F41CFC129C85}"
EndProject
Global
	GlobalSection(SolutionConfigurationPlatforms) = preSolution
		Debug|Any CPU = Debug|Any CPU
		Release|Any CPU = Release|Any CPU
	EndGlobalSection
	GlobalSection(ProjectConfigurationPlatforms) = postSolution
		{5D962EDB-4BEC-4FAD-AF88-6C93ADBCF207}.Debug|Any CPU.ActiveCfg = Debug|Any CPU
		{5D962EDB-4BEC-4FAD-AF88-6C93ADBCF207}.Debug|Any CPU.Build.0 = Debug|Any CPU
		{5D962EDB-4BEC-4FAD-AF88-6C93ADBCF207}.Release|Any CPU.ActiveCfg = Release|Any CPU
		{5D962EDB-4BEC-4FAD-AF88-6C93ADBCF207}.Release|Any CPU.Build.0 = Release|Any CPU
		{894CD470-B7DB-4632-8C7E-E21328707635}.Debug|Any CPU.ActiveCfg = Debug|Any CPU
		{894CD470-B7DB-4632-8C7E-E21328707635}.Debug|Any CPU.Build.0 = Debug|Any CPU
		{894CD470-B7DB-4632-8C7E-E21328707635}.Release|Any CPU.ActiveCfg = Release|Any CPU
		{894CD470-B7DB-4632-8C7E-E21328707635}.Release|Any CPU.Build.0 = Release|Any CPU
		{8FCBCEDD-5B2C-4566-A972-5BEEAEB1F0EB}.Debug|Any CPU.ActiveCfg = Debug|Any CPU
		{8FCBCEDD-5B2C-4566-A972-5BEEAEB1F0EB}.Debug|Any CPU.Build.0 = Debug|Any CPU
		{8FCBCEDD-5B2C-4566-A972-5BEEAEB1F0EB}.Release|Any CPU.ActiveCfg = Release|Any CPU
		{8FCBCEDD-5B2C-4566-A972-5BEEAEB1F0EB}.Release|Any CPU.Build.0 = Release|Any CPU
		{480B84A3-C040-4EC4-9BF8-AC0AAECB5A8E}.Debug|Any CPU.ActiveCfg = Debug|Any CPU
		{480B84A3-C040-4EC4-9BF8-AC0AAECB5A8E}.Debug|Any CPU.Build.0 = Debug|Any CPU
		{480B84A3-C040-4EC4-9BF8-AC0AAECB5A8E}.Release|Any CPU.ActiveCfg = Release|Any CPU
		{480B84A3-C040-4EC4-9BF8-AC0AAECB5A8E}.Release|Any CPU.Build.0 = Release|Any CPU
		{1EAF3615-5735-420B-8E6F-BF8C479F3E78}.Debug|Any CPU.ActiveCfg = Debug|Any CPU
		{1EAF3615-5735-420B-8E6F-BF8C479F3E78}.Debug|Any CPU.Build.0 = Debug|Any CPU
		{1EAF3615-5735-420B-8E6F-BF8C479F3E78}.Release|Any CPU.ActiveCfg = Release|Any CPU
		{1EAF3615-5735-420B-8E6F-BF8C479F3E78}.Release|Any CPU.Build.0 = Release|Any CPU
		{260F1733-233C-43A9-9DA1-F41CFC129C85}.Debug|Any CPU.ActiveCfg = Debug|Any CPU
		{260F1733-233C-43A9-9DA1-F41CFC129C85}.Debug|Any CPU.Build.0 = Debug|Any CPU
		{260F1733-233C-43A9-9DA1-F41CFC129C85}.Release|Any CPU.ActiveCfg = Release|Any CPU
		{260F1733-233C-43A9-9DA1-F41CFC129C85}.Release|Any CPU.Build.0 = Release|Any CPU
	EndGlobalSection
	GlobalSection(SolutionProperties) = preSolution
		HideSolutionNode = FALSE
	EndGlobalSection
	GlobalSection(ExtensibilityGlobals) = postSolution
		SolutionGuid = {9B664E37-96CE-44AF-95FB-0C974A38A607}
	EndGlobalSection
EndGlobal
